// !$*UTF8*$!
{
	archiveVersion = 1;
	classes = {
	};
	objectVersion = 56;
	objects = {

/* Begin PBXBuildFile section */
		0503CFA9CC6B09493C3CC92A /* Pods_Hammer_23_06.framework in Frameworks */ = {isa = PBXBuildFile; fileRef = 40CE6C9272D273EF28929421 /* Pods_Hammer_23_06.framework */; };
		783B03C22A45B6E2007D9D08 /* AppDelegate.swift in Sources */ = {isa = PBXBuildFile; fileRef = 783B03C12A45B6E2007D9D08 /* AppDelegate.swift */; };
		783B03C42A45B6E2007D9D08 /* SceneDelegate.swift in Sources */ = {isa = PBXBuildFile; fileRef = 783B03C32A45B6E2007D9D08 /* SceneDelegate.swift */; };
		783B03C62A45B6E2007D9D08 /* ViewController.swift in Sources */ = {isa = PBXBuildFile; fileRef = 783B03C52A45B6E2007D9D08 /* ViewController.swift */; };
		783B03C92A45B6E2007D9D08 /* Main.storyboard in Resources */ = {isa = PBXBuildFile; fileRef = 783B03C72A45B6E2007D9D08 /* Main.storyboard */; };
		783B03CB2A45B6E4007D9D08 /* Assets.xcassets in Resources */ = {isa = PBXBuildFile; fileRef = 783B03CA2A45B6E4007D9D08 /* Assets.xcassets */; };
		783B03CE2A45B6E4007D9D08 /* LaunchScreen.storyboard in Resources */ = {isa = PBXBuildFile; fileRef = 783B03CC2A45B6E4007D9D08 /* LaunchScreen.storyboard */; };
		783B03DB2A45B827007D9D08 /* TabBarViewController.swift in Sources */ = {isa = PBXBuildFile; fileRef = 783B03DA2A45B827007D9D08 /* TabBarViewController.swift */; };
		783B03E22A45B8DD007D9D08 /* ContactViewController.swift in Sources */ = {isa = PBXBuildFile; fileRef = 783B03E12A45B8DD007D9D08 /* ContactViewController.swift */; };
		783B03E42A45B8F2007D9D08 /* ProfileViewController.swift in Sources */ = {isa = PBXBuildFile; fileRef = 783B03E32A45B8F2007D9D08 /* ProfileViewController.swift */; };
		783B03E62A45B8FD007D9D08 /* KorzinaViewController.swift in Sources */ = {isa = PBXBuildFile; fileRef = 783B03E52A45B8FD007D9D08 /* KorzinaViewController.swift */; };
		783B03E82A466549007D9D08 /* StatusModel.swift in Sources */ = {isa = PBXBuildFile; fileRef = 783B03E72A466549007D9D08 /* StatusModel.swift */; };
		783B03EA2A466576007D9D08 /* CategoryModel.swift in Sources */ = {isa = PBXBuildFile; fileRef = 783B03E92A466576007D9D08 /* CategoryModel.swift */; };
		783B03EC2A46659B007D9D08 /* ProductModel.swift in Sources */ = {isa = PBXBuildFile; fileRef = 783B03EB2A46659B007D9D08 /* ProductModel.swift */; };
		783B03F12A466630007D9D08 /* CategoryCollectionViewCell.swift in Sources */ = {isa = PBXBuildFile; fileRef = 783B03F02A466630007D9D08 /* CategoryCollectionViewCell.swift */; };
		783B03F52A466683007D9D08 /* StatusCollectionViewCell.swift in Sources */ = {isa = PBXBuildFile; fileRef = 783B03F42A466683007D9D08 /* StatusCollectionViewCell.swift */; };
		783B03F72A4666BD007D9D08 /* ProductTableViewCell.swift in Sources */ = {isa = PBXBuildFile; fileRef = 783B03F62A4666BD007D9D08 /* ProductTableViewCell.swift */; };
		783B03FE2A4669BA007D9D08 /* NetworkService.swift in Sources */ = {isa = PBXBuildFile; fileRef = 783B03FD2A4669BA007D9D08 /* NetworkService.swift */; };
/* End PBXBuildFile section */

/* Begin PBXFileReference section */
		40CE6C9272D273EF28929421 /* Pods_Hammer_23_06.framework */ = {isa = PBXFileReference; explicitFileType = wrapper.framework; includeInIndex = 0; path = Pods_Hammer_23_06.framework; sourceTree = BUILT_PRODUCTS_DIR; };
		4BFA00ACC688CE0E9C0FE090 /* Pods-Hammer.23.06.debug.xcconfig */ = {isa = PBXFileReference; includeInIndex = 1; lastKnownFileType = text.xcconfig; name = "Pods-Hammer.23.06.debug.xcconfig"; path = "Target Support Files/Pods-Hammer.23.06/Pods-Hammer.23.06.debug.xcconfig"; sourceTree = "<group>"; };
		4DC93340CFFB5B0D437BEF7D /* Pods-Hammer.23.06.release.xcconfig */ = {isa = PBXFileReference; includeInIndex = 1; lastKnownFileType = text.xcconfig; name = "Pods-Hammer.23.06.release.xcconfig"; path = "Target Support Files/Pods-Hammer.23.06/Pods-Hammer.23.06.release.xcconfig"; sourceTree = "<group>"; };
		783B03BE2A45B6E2007D9D08 /* Hammer.23.06.app */ = {isa = PBXFileReference; explicitFileType = wrapper.application; includeInIndex = 0; path = Hammer.23.06.app; sourceTree = BUILT_PRODUCTS_DIR; };
		783B03C12A45B6E2007D9D08 /* AppDelegate.swift */ = {isa = PBXFileReference; lastKnownFileType = sourcecode.swift; path = AppDelegate.swift; sourceTree = "<group>"; };
		783B03C32A45B6E2007D9D08 /* SceneDelegate.swift */ = {isa = PBXFileReference; lastKnownFileType = sourcecode.swift; path = SceneDelegate.swift; sourceTree = "<group>"; };
		783B03C52A45B6E2007D9D08 /* ViewController.swift */ = {isa = PBXFileReference; lastKnownFileType = sourcecode.swift; path = ViewController.swift; sourceTree = "<group>"; };
		783B03C82A45B6E2007D9D08 /* Base */ = {isa = PBXFileReference; lastKnownFileType = file.storyboard; name = Base; path = Base.lproj/Main.storyboard; sourceTree = "<group>"; };
		783B03CA2A45B6E4007D9D08 /* Assets.xcassets */ = {isa = PBXFileReference; lastKnownFileType = folder.assetcatalog; path = Assets.xcassets; sourceTree = "<group>"; };
		783B03CD2A45B6E4007D9D08 /* Base */ = {isa = PBXFileReference; lastKnownFileType = file.storyboard; name = Base; path = Base.lproj/LaunchScreen.storyboard; sourceTree = "<group>"; };
		783B03CF2A45B6E4007D9D08 /* Info.plist */ = {isa = PBXFileReference; lastKnownFileType = text.plist.xml; path = Info.plist; sourceTree = "<group>"; };
		783B03DA2A45B827007D9D08 /* TabBarViewController.swift */ = {isa = PBXFileReference; lastKnownFileType = sourcecode.swift; path = TabBarViewController.swift; sourceTree = "<group>"; };
		783B03E12A45B8DD007D9D08 /* ContactViewController.swift */ = {isa = PBXFileReference; lastKnownFileType = sourcecode.swift; path = ContactViewController.swift; sourceTree = "<group>"; };
		783B03E32A45B8F2007D9D08 /* ProfileViewController.swift */ = {isa = PBXFileReference; lastKnownFileType = sourcecode.swift; path = ProfileViewController.swift; sourceTree = "<group>"; };
		783B03E52A45B8FD007D9D08 /* KorzinaViewController.swift */ = {isa = PBXFileReference; lastKnownFileType = sourcecode.swift; path = KorzinaViewController.swift; sourceTree = "<group>"; };
		783B03E72A466549007D9D08 /* StatusModel.swift */ = {isa = PBXFileReference; lastKnownFileType = sourcecode.swift; path = StatusModel.swift; sourceTree = "<group>"; };
		783B03E92A466576007D9D08 /* CategoryModel.swift */ = {isa = PBXFileReference; lastKnownFileType = sourcecode.swift; path = CategoryModel.swift; sourceTree = "<group>"; };
		783B03EB2A46659B007D9D08 /* ProductModel.swift */ = {isa = PBXFileReference; lastKnownFileType = sourcecode.swift; path = ProductModel.swift; sourceTree = "<group>"; };
		783B03F02A466630007D9D08 /* CategoryCollectionViewCell.swift */ = {isa = PBXFileReference; lastKnownFileType = sourcecode.swift; path = CategoryCollectionViewCell.swift; sourceTree = "<group>"; };
		783B03F42A466683007D9D08 /* StatusCollectionViewCell.swift */ = {isa = PBXFileReference; lastKnownFileType = sourcecode.swift; path = StatusCollectionViewCell.swift; sourceTree = "<group>"; };
		783B03F62A4666BD007D9D08 /* ProductTableViewCell.swift */ = {isa = PBXFileReference; lastKnownFileType = sourcecode.swift; path = ProductTableViewCell.swift; sourceTree = "<group>"; };
		783B03FD2A4669BA007D9D08 /* NetworkService.swift */ = {isa = PBXFileReference; lastKnownFileType = sourcecode.swift; path = NetworkService.swift; sourceTree = "<group>"; };
/* End PBXFileReference section */

/* Begin PBXFrameworksBuildPhase section */
		783B03BB2A45B6E2007D9D08 /* Frameworks */ = {
			isa = PBXFrameworksBuildPhase;
			buildActionMask = 2147483647;
			files = (
				0503CFA9CC6B09493C3CC92A /* Pods_Hammer_23_06.framework in Frameworks */,
			);
			runOnlyForDeploymentPostprocessing = 0;
		};
/* End PBXFrameworksBuildPhase section */

/* Begin PBXGroup section */
		3343E9108995BA4683F94B89 /* Pods */ = {
			isa = PBXGroup;
			children = (
				4BFA00ACC688CE0E9C0FE090 /* Pods-Hammer.23.06.debug.xcconfig */,
				4DC93340CFFB5B0D437BEF7D /* Pods-Hammer.23.06.release.xcconfig */,
			);
			path = Pods;
			sourceTree = "<group>";
		};
		783B03B52A45B6E2007D9D08 = {
			isa = PBXGroup;
			children = (
				783B03C02A45B6E2007D9D08 /* Hammer.23.06 */,
				783B03BF2A45B6E2007D9D08 /* Products */,
				3343E9108995BA4683F94B89 /* Pods */,
				F0E6902010C25FFDCCD40A1D /* Frameworks */,
			);
			sourceTree = "<group>";
		};
		783B03BF2A45B6E2007D9D08 /* Products */ = {
			isa = PBXGroup;
			children = (
				783B03BE2A45B6E2007D9D08 /* Hammer.23.06.app */,
			);
			name = Products;
			sourceTree = "<group>";
		};
		783B03C02A45B6E2007D9D08 /* Hammer.23.06 */ = {
			isa = PBXGroup;
			children = (
				783B03D52A45B6F9007D9D08 /* App */,
				783B03D82A45B7C3007D9D08 /* Model */,
				783B03D72A45B79F007D9D08 /* AuthorizedWorkFlow */,
				783B03D62A45B704007D9D08 /* Resources */,
			);
			path = Hammer.23.06;
			sourceTree = "<group>";
		};
		783B03D52A45B6F9007D9D08 /* App */ = {
			isa = PBXGroup;
			children = (
				783B03C12A45B6E2007D9D08 /* AppDelegate.swift */,
				783B03C32A45B6E2007D9D08 /* SceneDelegate.swift */,
			);
			path = App;
			sourceTree = "<group>";
		};
		783B03D62A45B704007D9D08 /* Resources */ = {
			isa = PBXGroup;
			children = (
				783B03C72A45B6E2007D9D08 /* Main.storyboard */,
				783B03CA2A45B6E4007D9D08 /* Assets.xcassets */,
				783B03CC2A45B6E4007D9D08 /* LaunchScreen.storyboard */,
				783B03CF2A45B6E4007D9D08 /* Info.plist */,
			);
			path = Resources;
			sourceTree = "<group>";
		};
		783B03D72A45B79F007D9D08 /* AuthorizedWorkFlow */ = {
			isa = PBXGroup;
			children = (
				783B03D92A45B7E8007D9D08 /* TabBar */,
				783B03DF2A45B8A0007D9D08 /* Main */,
				783B03DC2A45B851007D9D08 /* Contact */,
				783B03DD2A45B85A007D9D08 /* Profil */,
				783B03DE2A45B863007D9D08 /* Korzina */,
			);
			path = AuthorizedWorkFlow;
			sourceTree = "<group>";
		};
		783B03D82A45B7C3007D9D08 /* Model */ = {
			isa = PBXGroup;
			children = (
				783B03F82A466966007D9D08 /* DTOs */,
				783B03FA2A46697D007D9D08 /* NetworkService */,
			);
			path = Model;
			sourceTree = "<group>";
		};
		783B03D92A45B7E8007D9D08 /* TabBar */ = {
			isa = PBXGroup;
			children = (
				783B03DA2A45B827007D9D08 /* TabBarViewController.swift */,
			);
			path = TabBar;
			sourceTree = "<group>";
		};
		783B03DC2A45B851007D9D08 /* Contact */ = {
			isa = PBXGroup;
			children = (
				783B03E12A45B8DD007D9D08 /* ContactViewController.swift */,
			);
			path = Contact;
			sourceTree = "<group>";
		};
		783B03DD2A45B85A007D9D08 /* Profil */ = {
			isa = PBXGroup;
			children = (
				783B03E32A45B8F2007D9D08 /* ProfileViewController.swift */,
			);
			path = Profil;
			sourceTree = "<group>";
		};
		783B03DE2A45B863007D9D08 /* Korzina */ = {
			isa = PBXGroup;
			children = (
				783B03E52A45B8FD007D9D08 /* KorzinaViewController.swift */,
			);
			path = Korzina;
			sourceTree = "<group>";
		};
		783B03DF2A45B8A0007D9D08 /* Main */ = {
			isa = PBXGroup;
			children = (
				783B03C52A45B6E2007D9D08 /* ViewController.swift */,
				783B03EE2A4665ED007D9D08 /* Components */,
			);
			path = Main;
			sourceTree = "<group>";
		};
		783B03EE2A4665ED007D9D08 /* Components */ = {
			isa = PBXGroup;
			children = (
				783B03EF2A466617007D9D08 /* Category */,
				783B03F22A466658007D9D08 /* Status */,
				783B03F32A466669007D9D08 /* Product */,
			);
			path = Components;
			sourceTree = "<group>";
		};
		783B03EF2A466617007D9D08 /* Category */ = {
			isa = PBXGroup;
			children = (
				783B03F02A466630007D9D08 /* CategoryCollectionViewCell.swift */,
			);
			path = Category;
			sourceTree = "<group>";
		};
		783B03F22A466658007D9D08 /* Status */ = {
			isa = PBXGroup;
			children = (
				783B03F42A466683007D9D08 /* StatusCollectionViewCell.swift */,
			);
			path = Status;
			sourceTree = "<group>";
		};
		783B03F32A466669007D9D08 /* Product */ = {
			isa = PBXGroup;
			children = (
				783B03F62A4666BD007D9D08 /* ProductTableViewCell.swift */,
			);
			path = Product;
			sourceTree = "<group>";
		};
		783B03F82A466966007D9D08 /* DTOs */ = {
			isa = PBXGroup;
			children = (
				783B03E72A466549007D9D08 /* StatusModel.swift */,
				783B03E92A466576007D9D08 /* CategoryModel.swift */,
				783B03EB2A46659B007D9D08 /* ProductModel.swift */,
			);
			path = DTOs;
			sourceTree = "<group>";
		};
		783B03FA2A46697D007D9D08 /* NetworkService */ = {
			isa = PBXGroup;
			children = (
				783B03FD2A4669BA007D9D08 /* NetworkService.swift */,
			);
			path = NetworkService;
			sourceTree = "<group>";
		};
		F0E6902010C25FFDCCD40A1D /* Frameworks */ = {
			isa = PBXGroup;
			children = (
				40CE6C9272D273EF28929421 /* Pods_Hammer_23_06.framework */,
			);
			name = Frameworks;
			sourceTree = "<group>";
		};
/* End PBXGroup section */

/* Begin PBXNativeTarget section */
		783B03BD2A45B6E2007D9D08 /* Hammer.23.06 */ = {
			isa = PBXNativeTarget;
			buildConfigurationList = 783B03D22A45B6E4007D9D08 /* Build configuration list for PBXNativeTarget "Hammer.23.06" */;
			buildPhases = (
				3566FC5B1765DBE410DAFDE9 /* [CP] Check Pods Manifest.lock */,
				783B03BA2A45B6E2007D9D08 /* Sources */,
				783B03BB2A45B6E2007D9D08 /* Frameworks */,
				783B03BC2A45B6E2007D9D08 /* Resources */,
				31D41EDCEC0069135C91E505 /* [CP] Embed Pods Frameworks */,
			);
			buildRules = (
			);
			dependencies = (
			);
			name = Hammer.23.06;
			productName = Hammer.23.06;
			productReference = 783B03BE2A45B6E2007D9D08 /* Hammer.23.06.app */;
			productType = "com.apple.product-type.application";
		};
/* End PBXNativeTarget section */

/* Begin PBXProject section */
		783B03B62A45B6E2007D9D08 /* Project object */ = {
			isa = PBXProject;
			attributes = {
				BuildIndependentTargetsInParallel = 1;
				LastSwiftUpdateCheck = 1430;
				LastUpgradeCheck = 1430;
				TargetAttributes = {
					783B03BD2A45B6E2007D9D08 = {
						CreatedOnToolsVersion = 14.3.1;
					};
				};
			};
			buildConfigurationList = 783B03B92A45B6E2007D9D08 /* Build configuration list for PBXProject "Hammer.23.06" */;
			compatibilityVersion = "Xcode 14.0";
			developmentRegion = en;
			hasScannedForEncodings = 0;
			knownRegions = (
				en,
				Base,
			);
			mainGroup = 783B03B52A45B6E2007D9D08;
			productRefGroup = 783B03BF2A45B6E2007D9D08 /* Products */;
			projectDirPath = "";
			projectRoot = "";
			targets = (
				783B03BD2A45B6E2007D9D08 /* Hammer.23.06 */,
			);
		};
/* End PBXProject section */

/* Begin PBXResourcesBuildPhase section */
		783B03BC2A45B6E2007D9D08 /* Resources */ = {
			isa = PBXResourcesBuildPhase;
			buildActionMask = 2147483647;
			files = (
				783B03CE2A45B6E4007D9D08 /* LaunchScreen.storyboard in Resources */,
				783B03CB2A45B6E4007D9D08 /* Assets.xcassets in Resources */,
				783B03C92A45B6E2007D9D08 /* Main.storyboard in Resources */,
			);
			runOnlyForDeploymentPostprocessing = 0;
		};
/* End PBXResourcesBuildPhase section */

/* Begin PBXShellScriptBuildPhase section */
		31D41EDCEC0069135C91E505 /* [CP] Embed Pods Frameworks */ = {
			isa = PBXShellScriptBuildPhase;
			buildActionMask = 2147483647;
			files = (
			);
			inputFileListPaths = (
				"${PODS_ROOT}/Target Support Files/Pods-Hammer.23.06/Pods-Hammer.23.06-frameworks-${CONFIGURATION}-input-files.xcfilelist",
			);
			name = "[CP] Embed Pods Frameworks";
			outputFileListPaths = (
				"${PODS_ROOT}/Target Support Files/Pods-Hammer.23.06/Pods-Hammer.23.06-frameworks-${CONFIGURATION}-output-files.xcfilelist",
			);
			runOnlyForDeploymentPostprocessing = 0;
			shellPath = /bin/sh;
			shellScript = "\"${PODS_ROOT}/Target Support Files/Pods-Hammer.23.06/Pods-Hammer.23.06-frameworks.sh\"\n";
			showEnvVarsInLog = 0;
		};
		3566FC5B1765DBE410DAFDE9 /* [CP] Check Pods Manifest.lock */ = {
			isa = PBXShellScriptBuildPhase;
			buildActionMask = 2147483647;
			files = (
			);
			inputFileListPaths = (
			);
			inputPaths = (
				"${PODS_PODFILE_DIR_PATH}/Podfile.lock",
				"${PODS_ROOT}/Manifest.lock",
			);
			name = "[CP] Check Pods Manifest.lock";
			outputFileListPaths = (
			);
			outputPaths = (
				"$(DERIVED_FILE_DIR)/Pods-Hammer.23.06-checkManifestLockResult.txt",
			);
			runOnlyForDeploymentPostprocessing = 0;
			shellPath = /bin/sh;
			shellScript = "diff \"${PODS_PODFILE_DIR_PATH}/Podfile.lock\" \"${PODS_ROOT}/Manifest.lock\" > /dev/null\nif [ $? != 0 ] ; then\n    # print error to STDERR\n    echo \"error: The sandbox is not in sync with the Podfile.lock. Run 'pod install' or update your CocoaPods installation.\" >&2\n    exit 1\nfi\n# This output is used by Xcode 'outputs' to avoid re-running this script phase.\necho \"SUCCESS\" > \"${SCRIPT_OUTPUT_FILE_0}\"\n";
			showEnvVarsInLog = 0;
		};
/* End PBXShellScriptBuildPhase section */

/* Begin PBXSourcesBuildPhase section */
		783B03BA2A45B6E2007D9D08 /* Sources */ = {
			isa = PBXSourcesBuildPhase;
			buildActionMask = 2147483647;
			files = (
				783B03E42A45B8F2007D9D08 /* ProfileViewController.swift in Sources */,
				783B03E82A466549007D9D08 /* StatusModel.swift in Sources */,
				783B03DB2A45B827007D9D08 /* TabBarViewController.swift in Sources */,
				783B03E62A45B8FD007D9D08 /* KorzinaViewController.swift in Sources */,
				783B03F52A466683007D9D08 /* StatusCollectionViewCell.swift in Sources */,
				783B03C62A45B6E2007D9D08 /* ViewController.swift in Sources */,
				783B03C22A45B6E2007D9D08 /* AppDelegate.swift in Sources */,
				783B03F72A4666BD007D9D08 /* ProductTableViewCell.swift in Sources */,
				783B03C42A45B6E2007D9D08 /* SceneDelegate.swift in Sources */,
				783B03EA2A466576007D9D08 /* CategoryModel.swift in Sources */,
				783B03FE2A4669BA007D9D08 /* NetworkService.swift in Sources */,
				783B03F12A466630007D9D08 /* CategoryCollectionViewCell.swift in Sources */,
				783B03E22A45B8DD007D9D08 /* ContactViewController.swift in Sources */,
				783B03EC2A46659B007D9D08 /* ProductModel.swift in Sources */,
			);
			runOnlyForDeploymentPostprocessing = 0;
		};
/* End PBXSourcesBuildPhase section */

/* Begin PBXVariantGroup section */
		783B03C72A45B6E2007D9D08 /* Main.storyboard */ = {
			isa = PBXVariantGroup;
			children = (
				783B03C82A45B6E2007D9D08 /* Base */,
			);
			name = Main.storyboard;
			sourceTree = "<group>";
		};
		783B03CC2A45B6E4007D9D08 /* LaunchScreen.storyboard */ = {
			isa = PBXVariantGroup;
			children = (
				783B03CD2A45B6E4007D9D08 /* Base */,
			);
			name = LaunchScreen.storyboard;
			sourceTree = "<group>";
		};
/* End PBXVariantGroup section */

/* Begin XCBuildConfiguration section */
		783B03D02A45B6E4007D9D08 /* Debug */ = {
			isa = XCBuildConfiguration;
			buildSettings = {
				ALWAYS_SEARCH_USER_PATHS = NO;
				CLANG_ANALYZER_NONNULL = YES;
				CLANG_ANALYZER_NUMBER_OBJECT_CONVERSION = YES_AGGRESSIVE;
				CLANG_CXX_LANGUAGE_STANDARD = "gnu++20";
				CLANG_ENABLE_MODULES = YES;
				CLANG_ENABLE_OBJC_ARC = YES;
				CLANG_ENABLE_OBJC_WEAK = YES;
				CLANG_WARN_BLOCK_CAPTURE_AUTORELEASING = YES;
				CLANG_WARN_BOOL_CONVERSION = YES;
				CLANG_WARN_COMMA = YES;
				CLANG_WARN_CONSTANT_CONVERSION = YES;
				CLANG_WARN_DEPRECATED_OBJC_IMPLEMENTATIONS = YES;
				CLANG_WARN_DIRECT_OBJC_ISA_USAGE = YES_ERROR;
				CLANG_WARN_DOCUMENTATION_COMMENTS = YES;
				CLANG_WARN_EMPTY_BODY = YES;
				CLANG_WARN_ENUM_CONVERSION = YES;
				CLANG_WARN_INFINITE_RECURSION = YES;
				CLANG_WARN_INT_CONVERSION = YES;
				CLANG_WARN_NON_LITERAL_NULL_CONVERSION = YES;
				CLANG_WARN_OBJC_IMPLICIT_RETAIN_SELF = YES;
				CLANG_WARN_OBJC_LITERAL_CONVERSION = YES;
				CLANG_WARN_OBJC_ROOT_CLASS = YES_ERROR;
				CLANG_WARN_QUOTED_INCLUDE_IN_FRAMEWORK_HEADER = YES;
				CLANG_WARN_RANGE_LOOP_ANALYSIS = YES;
				CLANG_WARN_STRICT_PROTOTYPES = YES;
				CLANG_WARN_SUSPICIOUS_MOVE = YES;
				CLANG_WARN_UNGUARDED_AVAILABILITY = YES_AGGRESSIVE;
				CLANG_WARN_UNREACHABLE_CODE = YES;
				CLANG_WARN__DUPLICATE_METHOD_MATCH = YES;
				COPY_PHASE_STRIP = NO;
				DEBUG_INFORMATION_FORMAT = dwarf;
				ENABLE_STRICT_OBJC_MSGSEND = YES;
				ENABLE_TESTABILITY = YES;
				GCC_C_LANGUAGE_STANDARD = gnu11;
				GCC_DYNAMIC_NO_PIC = NO;
				GCC_NO_COMMON_BLOCKS = YES;
				GCC_OPTIMIZATION_LEVEL = 0;
				GCC_PREPROCESSOR_DEFINITIONS = (
					"DEBUG=1",
					"$(inherited)",
				);
				GCC_WARN_64_TO_32_BIT_CONVERSION = YES;
				GCC_WARN_ABOUT_RETURN_TYPE = YES_ERROR;
				GCC_WARN_UNDECLARED_SELECTOR = YES;
				GCC_WARN_UNINITIALIZED_AUTOS = YES_AGGRESSIVE;
				GCC_WARN_UNUSED_FUNCTION = YES;
				GCC_WARN_UNUSED_VARIABLE = YES;
				IPHONEOS_DEPLOYMENT_TARGET = 16.4;
				MTL_ENABLE_DEBUG_INFO = INCLUDE_SOURCE;
				MTL_FAST_MATH = YES;
				ONLY_ACTIVE_ARCH = YES;
				SDKROOT = iphoneos;
				SWIFT_ACTIVE_COMPILATION_CONDITIONS = DEBUG;
				SWIFT_OPTIMIZATION_LEVEL = "-Onone";
			};
			name = Debug;
		};
		783B03D12A45B6E4007D9D08 /* Release */ = {
			isa = XCBuildConfiguration;
			buildSettings = {
				ALWAYS_SEARCH_USER_PATHS = NO;
				CLANG_ANALYZER_NONNULL = YES;
				CLANG_ANALYZER_NUMBER_OBJECT_CONVERSION = YES_AGGRESSIVE;
				CLANG_CXX_LANGUAGE_STANDARD = "gnu++20";
				CLANG_ENABLE_MODULES = YES;
				CLANG_ENABLE_OBJC_ARC = YES;
				CLANG_ENABLE_OBJC_WEAK = YES;
				CLANG_WARN_BLOCK_CAPTURE_AUTORELEASING = YES;
				CLANG_WARN_BOOL_CONVERSION = YES;
				CLANG_WARN_COMMA = YES;
				CLANG_WARN_CONSTANT_CONVERSION = YES;
				CLANG_WARN_DEPRECATED_OBJC_IMPLEMENTATIONS = YES;
				CLANG_WARN_DIRECT_OBJC_ISA_USAGE = YES_ERROR;
				CLANG_WARN_DOCUMENTATION_COMMENTS = YES;
				CLANG_WARN_EMPTY_BODY = YES;
				CLANG_WARN_ENUM_CONVERSION = YES;
				CLANG_WARN_INFINITE_RECURSION = YES;
				CLANG_WARN_INT_CONVERSION = YES;
				CLANG_WARN_NON_LITERAL_NULL_CONVERSION = YES;
				CLANG_WARN_OBJC_IMPLICIT_RETAIN_SELF = YES;
				CLANG_WARN_OBJC_LITERAL_CONVERSION = YES;
				CLANG_WARN_OBJC_ROOT_CLASS = YES_ERROR;
				CLANG_WARN_QUOTED_INCLUDE_IN_FRAMEWORK_HEADER = YES;
				CLANG_WARN_RANGE_LOOP_ANALYSIS = YES;
				CLANG_WARN_STRICT_PROTOTYPES = YES;
				CLANG_WARN_SUSPICIOUS_MOVE = YES;
				CLANG_WARN_UNGUARDED_AVAILABILITY = YES_AGGRESSIVE;
				CLANG_WARN_UNREACHABLE_CODE = YES;
				CLANG_WARN__DUPLICATE_METHOD_MATCH = YES;
				COPY_PHASE_STRIP = NO;
				DEBUG_INFORMATION_FORMAT = "dwarf-with-dsym";
				ENABLE_NS_ASSERTIONS = NO;
				ENABLE_STRICT_OBJC_MSGSEND = YES;
				GCC_C_LANGUAGE_STANDARD = gnu11;
				GCC_NO_COMMON_BLOCKS = YES;
				GCC_WARN_64_TO_32_BIT_CONVERSION = YES;
				GCC_WARN_ABOUT_RETURN_TYPE = YES_ERROR;
				GCC_WARN_UNDECLARED_SELECTOR = YES;
				GCC_WARN_UNINITIALIZED_AUTOS = YES_AGGRESSIVE;
				GCC_WARN_UNUSED_FUNCTION = YES;
				GCC_WARN_UNUSED_VARIABLE = YES;
				IPHONEOS_DEPLOYMENT_TARGET = 16.4;
				MTL_ENABLE_DEBUG_INFO = NO;
				MTL_FAST_MATH = YES;
				SDKROOT = iphoneos;
				SWIFT_COMPILATION_MODE = wholemodule;
				SWIFT_OPTIMIZATION_LEVEL = "-O";
				VALIDATE_PRODUCT = YES;
			};
			name = Release;
		};
		783B03D32A45B6E4007D9D08 /* Debug */ = {
			isa = XCBuildConfiguration;
			baseConfigurationReference = 4BFA00ACC688CE0E9C0FE090 /* Pods-Hammer.23.06.debug.xcconfig */;
			buildSettings = {
				ASSETCATALOG_COMPILER_APPICON_NAME = AppIcon;
				ASSETCATALOG_COMPILER_GLOBAL_ACCENT_COLOR_NAME = AccentColor;
				CODE_SIGN_STYLE = Automatic;
				CURRENT_PROJECT_VERSION = 1;
				DEVELOPMENT_TEAM = 2X83VDWRY6;
				GENERATE_INFOPLIST_FILE = YES;
				INFOPLIST_FILE = Hammer.23.06/Resources/Info.plist;
				INFOPLIST_KEY_UIApplicationSupportsIndirectInputEvents = YES;
				INFOPLIST_KEY_UILaunchStoryboardName = LaunchScreen;
				INFOPLIST_KEY_UIMainStoryboardFile = Main;
				INFOPLIST_KEY_UISupportedInterfaceOrientations_iPad = "UIInterfaceOrientationPortrait UIInterfaceOrientationPortraitUpsideDown UIInterfaceOrientationLandscapeLeft UIInterfaceOrientationLandscapeRight";
				INFOPLIST_KEY_UISupportedInterfaceOrientations_iPhone = "UIInterfaceOrientationPortrait UIInterfaceOrientationLandscapeLeft UIInterfaceOrientationLandscapeRight";
				LD_RUNPATH_SEARCH_PATHS = (
					"$(inherited)",
					"@executable_path/Frameworks",
				);
				MARKETING_VERSION = 1.0;
				PRODUCT_BUNDLE_IDENTIFIER = "com.zalkarbekarapbaev.Hammer-23-06";
				PRODUCT_NAME = "$(TARGET_NAME)";
				SWIFT_EMIT_LOC_STRINGS = YES;
				SWIFT_VERSION = 5.0;
				TARGETED_DEVICE_FAMILY = "1,2";
			};
			name = Debug;
		};
		783B03D42A45B6E4007D9D08 /* Release */ = {
			isa = XCBuildConfiguration;
			baseConfigurationReference = 4DC93340CFFB5B0D437BEF7D /* Pods-Hammer.23.06.release.xcconfig */;
			buildSettings = {
				ASSETCATALOG_COMPILER_APPICON_NAME = AppIcon;
				ASSETCATALOG_COMPILER_GLOBAL_ACCENT_COLOR_NAME = AccentColor;
				CODE_SIGN_STYLE = Automatic;
				CURRENT_PROJECT_VERSION = 1;
				DEVELOPMENT_TEAM = 2X83VDWRY6;
				GENERATE_INFOPLIST_FILE = YES;
				INFOPLIST_FILE = Hammer.23.06/Resources/Info.plist;
				INFOPLIST_KEY_UIApplicationSupportsIndirectInputEvents = YES;
				INFOPLIST_KEY_UILaunchStoryboardName = LaunchScreen;
				INFOPLIST_KEY_UIMainStoryboardFile = Main;
				INFOPLIST_KEY_UISupportedInterfaceOrientations_iPad = "UIInterfaceOrientationPortrait UIInterfaceOrientationPortraitUpsideDown UIInterfaceOrientationLandscapeLeft UIInterfaceOrientationLandscapeRight";
				INFOPLIST_KEY_UISupportedInterfaceOrientations_iPhone = "UIInterfaceOrientationPortrait UIInterfaceOrientationLandscapeLeft UIInterfaceOrientationLandscapeRight";
				LD_RUNPATH_SEARCH_PATHS = (
					"$(inherited)",
					"@executable_path/Frameworks",
				);
				MARKETING_VERSION = 1.0;
				PRODUCT_BUNDLE_IDENTIFIER = "com.zalkarbekarapbaev.Hammer-23-06";
				PRODUCT_NAME = "$(TARGET_NAME)";
				SWIFT_EMIT_LOC_STRINGS = YES;
				SWIFT_VERSION = 5.0;
				TARGETED_DEVICE_FAMILY = "1,2";
			};
			name = Release;
		};
/* End XCBuildConfiguration section */

/* Begin XCConfigurationList section */
		783B03B92A45B6E2007D9D08 /* Build configuration list for PBXProject "Hammer.23.06" */ = {
			isa = XCConfigurationList;
			buildConfigurations = (
				783B03D02A45B6E4007D9D08 /* Debug */,
				783B03D12A45B6E4007D9D08 /* Release */,
			);
			defaultConfigurationIsVisible = 0;
			defaultConfigurationName = Release;
		};
		783B03D22A45B6E4007D9D08 /* Build configuration list for PBXNativeTarget "Hammer.23.06" */ = {
			isa = XCConfigurationList;
			buildConfigurations = (
				783B03D32A45B6E4007D9D08 /* Debug */,
				783B03D42A45B6E4007D9D08 /* Release */,
			);
			defaultConfigurationIsVisible = 0;
			defaultConfigurationName = Release;
		};
/* End XCConfigurationList section */
	};
	rootObject = 783B03B62A45B6E2007D9D08 /* Project object */;
}
